
Microsoft Visual Studio Solution File, Format Version 12.00
# Visual Studio 15
VisualStudioVersion = 15.0.27703.1
MinimumVisualStudioVersion = 10.0.40219.1
Project("{FAE04EC0-301F-11D3-BF4B-00C04F79EFBC}") = "SonarQubeCs", "SonarQubeCs\SonarQubeCs.csproj", "{B689BD48-074A-4906-B7F5-55AABF30A1FF}"
EndProject
Global
	GlobalSection(SolutionConfigurationPlatforms) = preSolution
		Debug|Any CPU = Debug|Any CPU
		Release|Any CPU = Release|Any CPU
	EndGlobalSection
	GlobalSection(ProjectConfigurationPlatforms) = postSolution
		{B689BD48-074A-4906-B7F5-55AABF30A1FF}.Debug|Any CPU.ActiveCfg = Debug|Any CPU
		{B689BD48-074A-4906-B7F5-55AABF30A1FF}.Debug|Any CPU.Build.0 = Debug|Any CPU
		{B689BD48-074A-4906-B7F5-55AABF30A1FF}.Release|Any CPU.ActiveCfg = Release|Any CPU
		{B689BD48-074A-4906-B7F5-55AABF30A1FF}.Release|Any CPU.Build.0 = Release|Any CPU
	EndGlobalSection
	GlobalSection(SolutionProperties) = preSolution
		HideSolutionNode = FALSE
	EndGlobalSection
	GlobalSection(ExtensibilityGlobals) = postSolution
		SolutionGuid = {F902CC01-095D-4BC7-8377-7D21A27C5F58}
	EndGlobalSection
EndGlobal
